
Microsoft Visual Studio Solution File, Format Version 12.00
# Visual Studio Version 17
VisualStudioVersion = 17.9.34728.123
MinimumVisualStudioVersion = 10.0.40219.1
Project("{FAE04EC0-301F-11D3-BF4B-00C04F79EFBC}") = "EvaluacionP2GP", "EvaluacionP2GP\EvaluacionP2GP.csproj", "{7257C5C8-AD72-40D2-9584-B68DD40C72EB}"
EndProject
Global
	GlobalSection(SolutionConfigurationPlatforms) = preSolution
		Debug|Any CPU = Debug|Any CPU
		Release|Any CPU = Release|Any CPU
	EndGlobalSection
	GlobalSection(ProjectConfigurationPlatforms) = postSolution
		{7257C5C8-AD72-40D2-9584-B68DD40C72EB}.Debug|Any CPU.ActiveCfg = Debug|Any CPU
		{7257C5C8-AD72-40D2-9584-B68DD40C72EB}.Debug|Any CPU.Build.0 = Debug|Any CPU
		{7257C5C8-AD72-40D2-9584-B68DD40C72EB}.Debug|Any CPU.Deploy.0 = Debug|Any CPU
		{7257C5C8-AD72-40D2-9584-B68DD40C72EB}.Release|Any CPU.ActiveCfg = Release|Any CPU
		{7257C5C8-AD72-40D2-9584-B68DD40C72EB}.Release|Any CPU.Build.0 = Release|Any CPU
		{7257C5C8-AD72-40D2-9584-B68DD40C72EB}.Release|Any CPU.Deploy.0 = Release|Any CPU
	EndGlobalSection
	GlobalSection(SolutionProperties) = preSolution
		HideSolutionNode = FALSE
	EndGlobalSection
	GlobalSection(ExtensibilityGlobals) = postSolution
		SolutionGuid = {59DA9F8A-C4CE-462E-BC59-48EE495D0560}
	EndGlobalSection
EndGlobal
